<?xml version="1.0" encoding="utf-8"?>
<Project ToolsVersion="4.0" xmlns="http://schemas.microsoft.com/developer/msbuild/2003">
  <ItemGroup>
    <Filter Include="Source Files">
      <UniqueIdentifier>{4FC737F1-C7A5-4376-A066-2A32D752A2FF}</UniqueIdentifier>
      <Extensions>cpp;c;cc;cxx;def;odl;idl;hpj;bat;asm;asmx</Extensions>
    </Filter>
    <Filter Include="Header Files">
      <UniqueIdentifier>{93995380-89BD-4b04-88EB-625FBE52EBFB}</UniqueIdentifier>
      <Extensions>h;hh;hpp;hxx;hm;inl;inc;xsd</Extensions>
    </Filter>
    <Filter Include="Resource Files">
      <UniqueIdentifier>{67DA6AB6-F800-4c08-8B7A-83BB121AAD01}</UniqueIdentifier>
      <Extensions>rc;ico;cur;bmp;dlg;rc2;rct;bin;rgs;gif;jpg;jpeg;jpe;resx;tiff;tif;png;wav;mfcribbon-ms</Extensions>
    </Filter>
  </ItemGroup>
  <ItemGroup>
    <None Include="Emonica.ino" />
  </ItemGroup>
  <ItemGroup>
    <ClInclude Include="__vm\.Emonica.vsarduino.h">
      <Filter>Header Files</Filter>
    </ClInclude>
    <ClInclude Include="AdaptiveButton.h">
      <Filter>Header Files</Filter>
    </ClInclude>
    <ClInclude Include="Bounce.h">
      <Filter>Header Files</Filter>
    </ClInclude>
    <ClInclude Include="ButtonProcessing.h">
      <Filter>Header Files</Filter>
    </ClInclude>
    <ClInclude Include="CalculateNote.h">
      <Filter>Header Files</Filter>
    </ClInclude>
    <ClInclude Include="CoreProcessing.h">
      <Filter>Header Files</Filter>
    </ClInclude>
    <ClInclude Include="Defines.h">
      <Filter>Header Files</Filter>
    </ClInclude>
    <ClInclude Include="direct_pin_read.h">
      <Filter>Header Files</Filter>
    </ClInclude>
    <ClInclude Include="Helpers.h">
      <Filter>Header Files</Filter>
    </ClInclude>
    <ClInclude Include="interrupt_config.h">
      <Filter>Header Files</Filter>
    </ClInclude>
    <ClInclude Include="interrupt_pins.h">
      <Filter>Header Files</Filter>
    </ClInclude>
    <ClInclude Include="Logo.h">
      <Filter>Header Files</Filter>
    </ClInclude>
    <ClInclude Include="Main.h">
      <Filter>Header Files</Filter>
    </ClInclude>
    <ClInclude Include="MoveSliderToCalibrate.h">
      <Filter>Header Files</Filter>
    </ClInclude>
    <ClInclude Include="Preset.h">
      <Filter>Header Files</Filter>
    </ClInclude>
    <ClInclude Include="ScaleIntervals.h">
      <Filter>Header Files</Filter>
    </ClInclude>
    <ClInclude Include="Set_Breath_CC_Controller.h">
      <Filter>Header Files</Filter>
    </ClInclude>
    <ClInclude Include="Set_Breath_CC_MidiChannel.h">
      <Filter>Header Files</Filter>
    </ClInclude>
    <ClInclude Include="Set_Breath_Max_Pressure.h">
      <Filter>Header Files</Filter>
    </ClInclude>
    <ClInclude Include="Set_Breath_Max_Value.h">
      <Filter>Header Files</Filter>
    </ClInclude>
    <ClInclude Include="Set_Breath_Min_Value.h">
      <Filter>Header Files</Filter>
    </ClInclude>
    <ClInclude Include="Set_Breath_Pressure_Threshold.h">
      <Filter>Header Files</Filter>
    </ClInclude>
    <ClInclude Include="Set_Buttons_Type.h">
      <Filter>Header Files</Filter>
    </ClInclude>
    <ClInclude Include="Set_Button_CC_Controller.h">
      <Filter>Header Files</Filter>
    </ClInclude>
    <ClInclude Include="Set_Button_CC_Max_Value.h">
      <Filter>Header Files</Filter>
    </ClInclude>
    <ClInclude Include="Set_Button_CC_Midi_Channel.h">
      <Filter>Header Files</Filter>
    </ClInclude>
    <ClInclude Include="Set_Button_CC_Min_Value.h">
      <Filter>Header Files</Filter>
    </ClInclude>
    <ClInclude Include="Set_Button_Midi_Channel.h">
      <Filter>Header Files</Filter>
    </ClInclude>
    <ClInclude Include="Set_Button_Midi_Note.h">
      <Filter>Header Files</Filter>
    </ClInclude>
    <ClInclude Include="Set_Button_Slide_Speed.h">
      <Filter>Header Files</Filter>
    </ClInclude>
    <ClInclude Include="Set_Button_Slide_To.h">
      <Filter>Header Files</Filter>
    </ClInclude>
    <ClInclude Include="Set_Button_Transpose_To.h">
      <Filter>Header Files</Filter>
    </ClInclude>
    <ClInclude Include="Set_Button_Type_Midi_Expression.h">
      <Filter>Header Files</Filter>
    </ClInclude>
    <ClInclude Include="Set_Key_Adaptive_Expression.h">
      <Filter>Header Files</Filter>
    </ClInclude>
    <ClInclude Include="Set_Key_Adaptive_Expression_Max_Value.h">
      <Filter>Header Files</Filter>
    </ClInclude>
    <ClInclude Include="Set_Key_Adaptive_Expression_Min_Value.h">
      <Filter>Header Files</Filter>
    </ClInclude>
    <ClInclude Include="Set_Key_High_Note.h">
      <Filter>Header Files</Filter>
    </ClInclude>
    <ClInclude Include="Set_Key_Low_Note.h">
      <Filter>Header Files</Filter>
    </ClInclude>
    <ClInclude Include="Set_Key_Midi_Channel.h">
      <Filter>Header Files</Filter>
    </ClInclude>
    <ClInclude Include="Set_Key_Scale.h">
      <Filter>Header Files</Filter>
    </ClInclude>
    <ClInclude Include="Set_Key_Static_Expression_Value.h">
      <Filter>Header Files</Filter>
    </ClInclude>
    <ClInclude Include="Set_Select_Preset.h">
      <Filter>Header Files</Filter>
    </ClInclude>
    <ClInclude Include="SimpleList.h">
      <Filter>Header Files</Filter>
    </ClInclude>
    <ClInclude Include="Welcome.h">
      <Filter>Header Files</Filter>
    </ClInclude>
    <ClInclude Include="Adafruit_SSD1306.h">
      <Filter>Header Files</Filter>
    </ClInclude>
  </ItemGroup>
  <ItemGroup>
    <ClCompile Include="Bounce.cpp">
      <Filter>Source Files</Filter>
    </ClCompile>
    <ClCompile Include="SimpleList.cpp">
      <Filter>Source Files</Filter>
    </ClCompile>
    <ClCompile Include="Adafruit_SSD1306.cpp">
      <Filter>Source Files</Filter>
    </ClCompile>
  </ItemGroup>
</Project>